// !$*UTF8*$!
{
	archiveVersion = 1;
	classes = {
	};
	objectVersion = 48;
	objects = {

/* Begin PBXBuildFile section */
		BFB70D411FB166DE00DF653F /* GLKit.framework in Frameworks */ = {isa = PBXBuildFile; fileRef = BFB70D401FB166D800DF653F /* GLKit.framework */; };
		BFB70D421FB166E500DF653F /* CoreVideo.framework in Frameworks */ = {isa = PBXBuildFile; fileRef = BFB70D3E1FB166C600DF653F /* CoreVideo.framework */; };
		BFB70D431FB166E900DF653F /* CoreGraphics.framework in Frameworks */ = {isa = PBXBuildFile; fileRef = BFB70D3F1FB166CC00DF653F /* CoreGraphics.framework */; };
		BFB70D451FB166F500DF653F /* OpenGL.framework in Frameworks */ = {isa = PBXBuildFile; fileRef = BFB70D441FB166EF00DF653F /* OpenGL.framework */; };
		BFB70D481FB1671100DF653F /* AppKit.framework in Frameworks */ = {isa = PBXBuildFile; fileRef = BFB70D461FB1670400DF653F /* AppKit.framework */; };
		BFB70D491FB1671600DF653F /* IOKit.framework in Frameworks */ = {isa = PBXBuildFile; fileRef = BFB70D471FB1670900DF653F /* IOKit.framework */; };
		BFB70D4F1FB3AD4B00DF653F /* libglfw3.a in Frameworks */ = {isa = PBXBuildFile; fileRef = BFB70D4A1FB3AD4B00DF653F /* libglfw3.a */; };
		BFB70D501FB3AD4B00DF653F /* libfreeimage.a in Frameworks */ = {isa = PBXBuildFile; fileRef = BFB70D4B1FB3AD4B00DF653F /* libfreeimage.a */; };
		BFB70D511FB3AD4B00DF653F /* libGLEW.a in Frameworks */ = {isa = PBXBuildFile; fileRef = BFB70D4C1FB3AD4B00DF653F /* libGLEW.a */; };
		BFB70D521FB3AD4B00DF653F /* libgtest_main.a in Frameworks */ = {isa = PBXBuildFile; fileRef = BFB70D4D1FB3AD4B00DF653F /* libgtest_main.a */; };
		BFB70D531FB3AD4B00DF653F /* libgtest.a in Frameworks */ = {isa = PBXBuildFile; fileRef = BFB70D4E1FB3AD4B00DF653F /* libgtest.a */; };
		BFB70D611FB3B90500DF653F /* glut_teapot.cpp in Sources */ = {isa = PBXBuildFile; fileRef = BFB70D571FB3B90500DF653F /* glut_teapot.cpp */; };
		BFB70D621FB3B90500DF653F /* teapot_trackball.cpp in Sources */ = {isa = PBXBuildFile; fileRef = BFB70D5F1FB3B90500DF653F /* teapot_trackball.cpp */; };
		BFB70D631FB3B93400DF653F /* blinn_phong.frag.glsl in Sources */ = {isa = PBXBuildFile; fileRef = BFB70D591FB3B90500DF653F /* blinn_phong.frag.glsl */; };
		BFB70D641FB3B93400DF653F /* blinn_phong.vert.glsl in Sources */ = {isa = PBXBuildFile; fileRef = BFB70D5B1FB3B90500DF653F /* blinn_phong.vert.glsl */; };
		BFB70D651FB3B93400DF653F /* Camera.h in Sources */ = {isa = PBXBuildFile; fileRef = BFB70D601FB3B90500DF653F /* Camera.h */; };
		BFB70D661FB3B93400DF653F /* GLFWApp.h in Sources */ = {isa = PBXBuildFile; fileRef = BFB70D5A1FB3B90500DF653F /* GLFWApp.h */; };
		BFB70D671FB3B93400DF653F /* GLSLShader.h in Sources */ = {isa = PBXBuildFile; fileRef = BFB70D5C1FB3B90500DF653F /* GLSLShader.h */; };
		BFB70D681FB3B93400DF653F /* GLTexture.h in Sources */ = {isa = PBXBuildFile; fileRef = BFB70D5D1FB3B90500DF653F /* GLTexture.h */; };
		BFB70D691FB3B93400DF653F /* glut_teapot.h in Sources */ = {isa = PBXBuildFile; fileRef = BFB70D541FB3B90500DF653F /* glut_teapot.h */; };
		BFB70D6A1FB3B93400DF653F /* Material.h in Sources */ = {isa = PBXBuildFile; fileRef = BFB70D551FB3B90500DF653F /* Material.h */; };
		BFB70D6B1FB3B93400DF653F /* SpinningLight.h in Sources */ = {isa = PBXBuildFile; fileRef = BFB70D561FB3B90500DF653F /* SpinningLight.h */; };
		BFB70D6C1FB3B93400DF653F /* Teapot.h in Sources */ = {isa = PBXBuildFile; fileRef = BFB70D5E1FB3B90500DF653F /* Teapot.h */; };
		BFB70D6D1FB3B93400DF653F /* UtahTeapot.h in Sources */ = {isa = PBXBuildFile; fileRef = BFB70D581FB3B90500DF653F /* UtahTeapot.h */; };
		BFB70D6E1FB3B94900DF653F /* blinn_phong.frag.glsl in CopyFiles */ = {isa = PBXBuildFile; fileRef = BFB70D591FB3B90500DF653F /* blinn_phong.frag.glsl */; };
		BFB70D6F1FB3B94900DF653F /* blinn_phong.vert.glsl in CopyFiles */ = {isa = PBXBuildFile; fileRef = BFB70D5B1FB3B90500DF653F /* blinn_phong.vert.glsl */; };
/* End PBXBuildFile section */

/* Begin PBXCopyFilesBuildPhase section */
		BFB70D311FB1655C00DF653F /* CopyFiles */ = {
			isa = PBXCopyFilesBuildPhase;
			buildActionMask = 12;
			dstPath = "";
			dstSubfolderSpec = 16;
			files = (
				BFB70D6E1FB3B94900DF653F /* blinn_phong.frag.glsl in CopyFiles */,
				BFB70D6F1FB3B94900DF653F /* blinn_phong.vert.glsl in CopyFiles */,
			);
			runOnlyForDeploymentPostprocessing = 0;
		};
/* End PBXCopyFilesBuildPhase section */

/* Begin PBXFileReference section */
		BFB70D331FB1655C00DF653F /* trackball */ = {isa = PBXFileReference; explicitFileType = "compiled.mach-o.executable"; includeInIndex = 0; path = trackball; sourceTree = BUILT_PRODUCTS_DIR; };
		BFB70D3E1FB166C600DF653F /* CoreVideo.framework */ = {isa = PBXFileReference; lastKnownFileType = wrapper.framework; name = CoreVideo.framework; path = System/Library/Frameworks/CoreVideo.framework; sourceTree = SDKROOT; };
		BFB70D3F1FB166CC00DF653F /* CoreGraphics.framework */ = {isa = PBXFileReference; lastKnownFileType = wrapper.framework; name = CoreGraphics.framework; path = System/Library/Frameworks/CoreGraphics.framework; sourceTree = SDKROOT; };
		BFB70D401FB166D800DF653F /* GLKit.framework */ = {isa = PBXFileReference; lastKnownFileType = wrapper.framework; name = GLKit.framework; path = System/Library/Frameworks/GLKit.framework; sourceTree = SDKROOT; };
		BFB70D441FB166EF00DF653F /* OpenGL.framework */ = {isa = PBXFileReference; lastKnownFileType = wrapper.framework; name = OpenGL.framework; path = System/Library/Frameworks/OpenGL.framework; sourceTree = SDKROOT; };
		BFB70D461FB1670400DF653F /* AppKit.framework */ = {isa = PBXFileReference; lastKnownFileType = wrapper.framework; name = AppKit.framework; path = System/Library/Frameworks/AppKit.framework; sourceTree = SDKROOT; };
		BFB70D471FB1670900DF653F /* IOKit.framework */ = {isa = PBXFileReference; lastKnownFileType = wrapper.framework; name = IOKit.framework; path = System/Library/Frameworks/IOKit.framework; sourceTree = SDKROOT; };
		BFB70D4A1FB3AD4B00DF653F /* libglfw3.a */ = {isa = PBXFileReference; lastKnownFileType = archive.ar; name = libglfw3.a; path = ../../../../usr/local/lib/libglfw3.a; sourceTree = "<group>"; };
		BFB70D4B1FB3AD4B00DF653F /* libfreeimage.a */ = {isa = PBXFileReference; lastKnownFileType = archive.ar; name = libfreeimage.a; path = ../../../../usr/local/lib/libfreeimage.a; sourceTree = "<group>"; };
		BFB70D4C1FB3AD4B00DF653F /* libGLEW.a */ = {isa = PBXFileReference; lastKnownFileType = archive.ar; name = libGLEW.a; path = ../../../../usr/local/lib/libGLEW.a; sourceTree = "<group>"; };
		BFB70D4D1FB3AD4B00DF653F /* libgtest_main.a */ = {isa = PBXFileReference; lastKnownFileType = archive.ar; name = libgtest_main.a; path = ../../../../usr/local/lib/libgtest_main.a; sourceTree = "<group>"; };
		BFB70D4E1FB3AD4B00DF653F /* libgtest.a */ = {isa = PBXFileReference; lastKnownFileType = archive.ar; name = libgtest.a; path = ../../../../usr/local/lib/libgtest.a; sourceTree = "<group>"; };
		BFB70D541FB3B90500DF653F /* glut_teapot.h */ = {isa = PBXFileReference; fileEncoding = 4; lastKnownFileType = sourcecode.c.h; name = glut_teapot.h; path = ../../glut_teapot.h; sourceTree = "<group>"; };
		BFB70D551FB3B90500DF653F /* Material.h */ = {isa = PBXFileReference; fileEncoding = 4; lastKnownFileType = sourcecode.c.h; name = Material.h; path = ../../Material.h; sourceTree = "<group>"; };
		BFB70D561FB3B90500DF653F /* SpinningLight.h */ = {isa = PBXFileReference; fileEncoding = 4; lastKnownFileType = sourcecode.c.h; name = SpinningLight.h; path = ../../SpinningLight.h; sourceTree = "<group>"; };
		BFB70D571FB3B90500DF653F /* glut_teapot.cpp */ = {isa = PBXFileReference; fileEncoding = 4; lastKnownFileType = sourcecode.cpp.cpp; name = glut_teapot.cpp; path = ../../glut_teapot.cpp; sourceTree = "<group>"; };
		BFB70D581FB3B90500DF653F /* UtahTeapot.h */ = {isa = PBXFileReference; fileEncoding = 4; lastKnownFileType = sourcecode.c.h; name = UtahTeapot.h; path = ../../UtahTeapot.h; sourceTree = "<group>"; };
		BFB70D591FB3B90500DF653F /* blinn_phong.frag.glsl */ = {isa = PBXFileReference; fileEncoding = 4; lastKnownFileType = text; name = blinn_phong.frag.glsl; path = ../../blinn_phong.frag.glsl; sourceTree = "<group>"; };
		BFB70D5A1FB3B90500DF653F /* GLFWApp.h */ = {isa = PBXFileReference; fileEncoding = 4; lastKnownFileType = sourcecode.c.h; name = GLFWApp.h; path = ../../GLFWApp.h; sourceTree = "<group>"; };
		BFB70D5B1FB3B90500DF653F /* blinn_phong.vert.glsl */ = {isa = PBXFileReference; fileEncoding = 4; lastKnownFileType = text; name = blinn_phong.vert.glsl; path = ../../blinn_phong.vert.glsl; sourceTree = "<group>"; };
		BFB70D5C1FB3B90500DF653F /* GLSLShader.h */ = {isa = PBXFileReference; fileEncoding = 4; lastKnownFileType = sourcecode.c.h; name = GLSLShader.h; path = ../../GLSLShader.h; sourceTree = "<group>"; };
		BFB70D5D1FB3B90500DF653F /* GLTexture.h */ = {isa = PBXFileReference; fileEncoding = 4; lastKnownFileType = sourcecode.c.h; name = GLTexture.h; path = ../../GLTexture.h; sourceTree = "<group>"; };
		BFB70D5E1FB3B90500DF653F /* Teapot.h */ = {isa = PBXFileReference; fileEncoding = 4; lastKnownFileType = sourcecode.c.h; name = Teapot.h; path = ../../Teapot.h; sourceTree = "<group>"; };
		BFB70D5F1FB3B90500DF653F /* teapot_trackball.cpp */ = {isa = PBXFileReference; fileEncoding = 4; lastKnownFileType = sourcecode.cpp.cpp; name = teapot_trackball.cpp; path = ../../teapot_trackball.cpp; sourceTree = "<group>"; };
		BFB70D601FB3B90500DF653F /* Camera.h */ = {isa = PBXFileReference; fileEncoding = 4; lastKnownFileType = sourcecode.c.h; name = Camera.h; path = ../../Camera.h; sourceTree = "<group>"; };
/* End PBXFileReference section */

/* Begin PBXFrameworksBuildPhase section */
		BFB70D301FB1655C00DF653F /* Frameworks */ = {
			isa = PBXFrameworksBuildPhase;
			buildActionMask = 2147483647;
			files = (
				BFB70D4F1FB3AD4B00DF653F /* libglfw3.a in Frameworks */,
				BFB70D501FB3AD4B00DF653F /* libfreeimage.a in Frameworks */,
				BFB70D511FB3AD4B00DF653F /* libGLEW.a in Frameworks */,
				BFB70D521FB3AD4B00DF653F /* libgtest_main.a in Frameworks */,
				BFB70D531FB3AD4B00DF653F /* libgtest.a in Frameworks */,
				BFB70D491FB1671600DF653F /* IOKit.framework in Frameworks */,
				BFB70D481FB1671100DF653F /* AppKit.framework in Frameworks */,
				BFB70D451FB166F500DF653F /* OpenGL.framework in Frameworks */,
				BFB70D431FB166E900DF653F /* CoreGraphics.framework in Frameworks */,
				BFB70D421FB166E500DF653F /* CoreVideo.framework in Frameworks */,
				BFB70D411FB166DE00DF653F /* GLKit.framework in Frameworks */,
			);
			runOnlyForDeploymentPostprocessing = 0;
		};
/* End PBXFrameworksBuildPhase section */

/* Begin PBXGroup section */
		BFB70D2A1FB1655C00DF653F = {
			isa = PBXGroup;
			children = (
				BFB70D351FB1655C00DF653F /* trackball */,
				BFB70D341FB1655C00DF653F /* Products */,
				BFB70D3D1FB166C600DF653F /* Frameworks */,
			);
			sourceTree = "<group>";
		};
		BFB70D341FB1655C00DF653F /* Products */ = {
			isa = PBXGroup;
			children = (
				BFB70D331FB1655C00DF653F /* trackball */,
			);
			name = Products;
			sourceTree = "<group>";
		};
		BFB70D351FB1655C00DF653F /* trackball */ = {
			isa = PBXGroup;
			children = (
				BFB70D591FB3B90500DF653F /* blinn_phong.frag.glsl */,
				BFB70D5B1FB3B90500DF653F /* blinn_phong.vert.glsl */,
				BFB70D601FB3B90500DF653F /* Camera.h */,
				BFB70D5A1FB3B90500DF653F /* GLFWApp.h */,
				BFB70D5C1FB3B90500DF653F /* GLSLShader.h */,
				BFB70D5D1FB3B90500DF653F /* GLTexture.h */,
				BFB70D571FB3B90500DF653F /* glut_teapot.cpp */,
				BFB70D541FB3B90500DF653F /* glut_teapot.h */,
				BFB70D551FB3B90500DF653F /* Material.h */,
				BFB70D561FB3B90500DF653F /* SpinningLight.h */,
				BFB70D5F1FB3B90500DF653F /* teapot_trackball.cpp */,
				BFB70D5E1FB3B90500DF653F /* Teapot.h */,
				BFB70D581FB3B90500DF653F /* UtahTeapot.h */,
			);
			path = trackball;
			sourceTree = "<group>";
		};
		BFB70D3D1FB166C600DF653F /* Frameworks */ = {
			isa = PBXGroup;
			children = (
				BFB70D4B1FB3AD4B00DF653F /* libfreeimage.a */,
				BFB70D4C1FB3AD4B00DF653F /* libGLEW.a */,
				BFB70D4A1FB3AD4B00DF653F /* libglfw3.a */,
				BFB70D4D1FB3AD4B00DF653F /* libgtest_main.a */,
				BFB70D4E1FB3AD4B00DF653F /* libgtest.a */,
				BFB70D471FB1670900DF653F /* IOKit.framework */,
				BFB70D461FB1670400DF653F /* AppKit.framework */,
				BFB70D441FB166EF00DF653F /* OpenGL.framework */,
				BFB70D401FB166D800DF653F /* GLKit.framework */,
				BFB70D3F1FB166CC00DF653F /* CoreGraphics.framework */,
				BFB70D3E1FB166C600DF653F /* CoreVideo.framework */,
			);
			name = Frameworks;
			sourceTree = "<group>";
		};
/* End PBXGroup section */

/* Begin PBXNativeTarget section */
		BFB70D321FB1655C00DF653F /* trackball */ = {
			isa = PBXNativeTarget;
			buildConfigurationList = BFB70D3A1FB1655C00DF653F /* Build configuration list for PBXNativeTarget "trackball" */;
			buildPhases = (
				BFB70D2F1FB1655C00DF653F /* Sources */,
				BFB70D301FB1655C00DF653F /* Frameworks */,
				BFB70D311FB1655C00DF653F /* CopyFiles */,
			);
			buildRules = (
			);
			dependencies = (
			);
			name = trackball;
			productName = trackball;
			productReference = BFB70D331FB1655C00DF653F /* trackball */;
			productType = "com.apple.product-type.tool";
		};
/* End PBXNativeTarget section */

/* Begin PBXProject section */
		BFB70D2B1FB1655C00DF653F /* Project object */ = {
			isa = PBXProject;
			attributes = {
				LastUpgradeCheck = 0900;
				ORGANIZATIONNAME = "bijan hamidi";
				TargetAttributes = {
					BFB70D321FB1655C00DF653F = {
						CreatedOnToolsVersion = 9.0.1;
						ProvisioningStyle = Automatic;
					};
				};
			};
			buildConfigurationList = BFB70D2E1FB1655C00DF653F /* Build configuration list for PBXProject "trackball" */;
			compatibilityVersion = "Xcode 8.0";
			developmentRegion = en;
			hasScannedForEncodings = 0;
			knownRegions = (
				en,
			);
			mainGroup = BFB70D2A1FB1655C00DF653F;
			productRefGroup = BFB70D341FB1655C00DF653F /* Products */;
			projectDirPath = "";
			projectRoot = "";
			targets = (
				BFB70D321FB1655C00DF653F /* trackball */,
			);
		};
/* End PBXProject section */

/* Begin PBXSourcesBuildPhase section */
		BFB70D2F1FB1655C00DF653F /* Sources */ = {
			isa = PBXSourcesBuildPhase;
			buildActionMask = 2147483647;
			files = (
				BFB70D631FB3B93400DF653F /* blinn_phong.frag.glsl in Sources */,
				BFB70D641FB3B93400DF653F /* blinn_phong.vert.glsl in Sources */,
				BFB70D651FB3B93400DF653F /* Camera.h in Sources */,
				BFB70D661FB3B93400DF653F /* GLFWApp.h in Sources */,
				BFB70D671FB3B93400DF653F /* GLSLShader.h in Sources */,
				BFB70D681FB3B93400DF653F /* GLTexture.h in Sources */,
				BFB70D691FB3B93400DF653F /* glut_teapot.h in Sources */,
				BFB70D6A1FB3B93400DF653F /* Material.h in Sources */,
				BFB70D6B1FB3B93400DF653F /* SpinningLight.h in Sources */,
				BFB70D6C1FB3B93400DF653F /* Teapot.h in Sources */,
				BFB70D6D1FB3B93400DF653F /* UtahTeapot.h in Sources */,
				BFB70D621FB3B90500DF653F /* teapot_trackball.cpp in Sources */,
				BFB70D611FB3B90500DF653F /* glut_teapot.cpp in Sources */,
			);
			runOnlyForDeploymentPostprocessing = 0;
		};
/* End PBXSourcesBuildPhase section */

/* Begin XCBuildConfiguration section */
		BFB70D381FB1655C00DF653F /* Debug */ = {
			isa = XCBuildConfiguration;
			buildSettings = {
				ALWAYS_SEARCH_USER_PATHS = NO;
				CLANG_ANALYZER_NONNULL = YES;
				CLANG_ANALYZER_NUMBER_OBJECT_CONVERSION = YES_AGGRESSIVE;
				CLANG_CXX_LANGUAGE_STANDARD = "gnu++14";
				CLANG_CXX_LIBRARY = "libc++";
				CLANG_ENABLE_MODULES = YES;
				CLANG_ENABLE_OBJC_ARC = YES;
				CLANG_WARN_BLOCK_CAPTURE_AUTORELEASING = YES;
				CLANG_WARN_BOOL_CONVERSION = YES;
				CLANG_WARN_COMMA = YES;
				CLANG_WARN_CONSTANT_CONVERSION = YES;
				CLANG_WARN_DIRECT_OBJC_ISA_USAGE = YES_ERROR;
				CLANG_WARN_DOCUMENTATION_COMMENTS = YES;
				CLANG_WARN_EMPTY_BODY = YES;
				CLANG_WARN_ENUM_CONVERSION = YES;
				CLANG_WARN_INFINITE_RECURSION = YES;
				CLANG_WARN_INT_CONVERSION = YES;
				CLANG_WARN_NON_LITERAL_NULL_CONVERSION = YES;
				CLANG_WARN_OBJC_LITERAL_CONVERSION = YES;
				CLANG_WARN_OBJC_ROOT_CLASS = YES_ERROR;
				CLANG_WARN_RANGE_LOOP_ANALYSIS = YES;
				CLANG_WARN_STRICT_PROTOTYPES = YES;
				CLANG_WARN_SUSPICIOUS_MOVE = YES;
				CLANG_WARN_UNGUARDED_AVAILABILITY = YES_AGGRESSIVE;
				CLANG_WARN_UNREACHABLE_CODE = YES;
				CLANG_WARN__DUPLICATE_METHOD_MATCH = YES;
				CODE_SIGN_IDENTITY = "-";
				COPY_PHASE_STRIP = NO;
				DEBUG_INFORMATION_FORMAT = dwarf;
				ENABLE_STRICT_OBJC_MSGSEND = YES;
				ENABLE_TESTABILITY = YES;
				GCC_C_LANGUAGE_STANDARD = gnu11;
				GCC_DYNAMIC_NO_PIC = NO;
				GCC_NO_COMMON_BLOCKS = YES;
				GCC_OPTIMIZATION_LEVEL = 0;
				GCC_PREPROCESSOR_DEFINITIONS = (
					"DEBUG=1",
					"$(inherited)",
				);
				GCC_WARN_64_TO_32_BIT_CONVERSION = YES;
				GCC_WARN_ABOUT_RETURN_TYPE = YES_ERROR;
				GCC_WARN_UNDECLARED_SELECTOR = YES;
				GCC_WARN_UNINITIALIZED_AUTOS = YES_AGGRESSIVE;
				GCC_WARN_UNUSED_FUNCTION = YES;
				GCC_WARN_UNUSED_VARIABLE = YES;
				MACOSX_DEPLOYMENT_TARGET = 10.12;
				MTL_ENABLE_DEBUG_INFO = YES;
				ONLY_ACTIVE_ARCH = YES;
				SDKROOT = macosx;
			};
			name = Debug;
		};
		BFB70D391FB1655C00DF653F /* Release */ = {
			isa = XCBuildConfiguration;
			buildSettings = {
				ALWAYS_SEARCH_USER_PATHS = NO;
				CLANG_ANALYZER_NONNULL = YES;
				CLANG_ANALYZER_NUMBER_OBJECT_CONVERSION = YES_AGGRESSIVE;
				CLANG_CXX_LANGUAGE_STANDARD = "gnu++14";
				CLANG_CXX_LIBRARY = "libc++";
				CLANG_ENABLE_MODULES = YES;
				CLANG_ENABLE_OBJC_ARC = YES;
				CLANG_WARN_BLOCK_CAPTURE_AUTORELEASING = YES;
				CLANG_WARN_BOOL_CONVERSION = YES;
				CLANG_WARN_COMMA = YES;
				CLANG_WARN_CONSTANT_CONVERSION = YES;
				CLANG_WARN_DIRECT_OBJC_ISA_USAGE = YES_ERROR;
				CLANG_WARN_DOCUMENTATION_COMMENTS = YES;
				CLANG_WARN_EMPTY_BODY = YES;
				CLANG_WARN_ENUM_CONVERSION = YES;
				CLANG_WARN_INFINITE_RECURSION = YES;
				CLANG_WARN_INT_CONVERSION = YES;
				CLANG_WARN_NON_LITERAL_NULL_CONVERSION = YES;
				CLANG_WARN_OBJC_LITERAL_CONVERSION = YES;
				CLANG_WARN_OBJC_ROOT_CLASS = YES_ERROR;
				CLANG_WARN_RANGE_LOOP_ANALYSIS = YES;
				CLANG_WARN_STRICT_PROTOTYPES = YES;
				CLANG_WARN_SUSPICIOUS_MOVE = YES;
				CLANG_WARN_UNGUARDED_AVAILABILITY = YES_AGGRESSIVE;
				CLANG_WARN_UNREACHABLE_CODE = YES;
				CLANG_WARN__DUPLICATE_METHOD_MATCH = YES;
				CODE_SIGN_IDENTITY = "-";
				COPY_PHASE_STRIP = NO;
				DEBUG_INFORMATION_FORMAT = "dwarf-with-dsym";
				ENABLE_NS_ASSERTIONS = NO;
				ENABLE_STRICT_OBJC_MSGSEND = YES;
				GCC_C_LANGUAGE_STANDARD = gnu11;
				GCC_NO_COMMON_BLOCKS = YES;
				GCC_WARN_64_TO_32_BIT_CONVERSION = YES;
				GCC_WARN_ABOUT_RETURN_TYPE = YES_ERROR;
				GCC_WARN_UNDECLARED_SELECTOR = YES;
				GCC_WARN_UNINITIALIZED_AUTOS = YES_AGGRESSIVE;
				GCC_WARN_UNUSED_FUNCTION = YES;
				GCC_WARN_UNUSED_VARIABLE = YES;
				MACOSX_DEPLOYMENT_TARGET = 10.12;
				MTL_ENABLE_DEBUG_INFO = NO;
				SDKROOT = macosx;
			};
			name = Release;
		};
		BFB70D3B1FB1655C00DF653F /* Debug */ = {
			isa = XCBuildConfiguration;
			buildSettings = {
				ALWAYS_SEARCH_USER_PATHS = YES;
				CODE_SIGN_STYLE = Automatic;
				"HEADER_SEARCH_PATHS[arch=*]" = (
					/usr/local/include,
					"/users/kazzdingo/teapot-trackball-hamidib/**",
				);
				"LIBRARY_SEARCH_PATHS[arch=*]" = (
					/usr/local/lib,
					"/users/kazzdingo/teapot-trackball-hamidib",
				);
				PRODUCT_NAME = "$(TARGET_NAME)";
			};
			name = Debug;
		};
		BFB70D3C1FB1655C00DF653F /* Release */ = {
			isa = XCBuildConfiguration;
			buildSettings = {
				ALWAYS_SEARCH_USER_PATHS = YES;
				CODE_SIGN_STYLE = Automatic;
				PRODUCT_NAME = "$(TARGET_NAME)";
			};
			name = Release;
		};
/* End XCBuildConfiguration section */

/* Begin XCConfigurationList section */
		BFB70D2E1FB1655C00DF653F /* Build configuration list for PBXProject "trackball" */ = {
			isa = XCConfigurationList;
			buildConfigurations = (
				BFB70D381FB1655C00DF653F /* Debug */,
				BFB70D391FB1655C00DF653F /* Release */,
			);
			defaultConfigurationIsVisible = 0;
			defaultConfigurationName = Release;
		};
		BFB70D3A1FB1655C00DF653F /* Build configuration list for PBXNativeTarget "trackball" */ = {
			isa = XCConfigurationList;
			buildConfigurations = (
				BFB70D3B1FB1655C00DF653F /* Debug */,
				BFB70D3C1FB1655C00DF653F /* Release */,
			);
			defaultConfigurationIsVisible = 0;
			defaultConfigurationName = Release;
		};
/* End XCConfigurationList section */
	};
	rootObject = BFB70D2B1FB1655C00DF653F /* Project object */;
}
